<?xml version="1.0" encoding="utf-8"?>
<Project ToolsVersion="4.0" xmlns="http://schemas.microsoft.com/developer/msbuild/2003">
  <ItemGroup>
    <Filter Include="Fichiers sources">
      <UniqueIdentifier>{4FC737F1-C7A5-4376-A066-2A32D752A2FF}</UniqueIdentifier>
      <Extensions>cpp;c;cc;cxx;def;odl;idl;hpj;bat;asm;asmx</Extensions>
    </Filter>
    <Filter Include="Fichiers d%27en-tête">
      <UniqueIdentifier>{93995380-89BD-4b04-88EB-625FBE52EBFB}</UniqueIdentifier>
      <Extensions>h;hh;hpp;hxx;hm;inl;inc;xsd</Extensions>
    </Filter>
    <Filter Include="Fichiers de ressources">
      <UniqueIdentifier>{67DA6AB6-F800-4c08-8B7A-83BB121AAD01}</UniqueIdentifier>
      <Extensions>rc;ico;cur;bmp;dlg;rc2;rct;bin;rgs;gif;jpg;jpeg;jpe;resx;tiff;tif;png;wav;mfcribbon-ms</Extensions>
    </Filter>
    <Filter Include="Fichiers sources\utils">
      <UniqueIdentifier>{f0e890e5-a638-4647-aaae-f58170278136}</UniqueIdentifier>
    </Filter>
    <Filter Include="Fichiers sources\scene">
      <UniqueIdentifier>{5fe8bd0a-bbe9-48bd-9735-96941e01b9d4}</UniqueIdentifier>
    </Filter>
    <Filter Include="Fichiers sources\scene\physic">
      <UniqueIdentifier>{b082f388-ae71-488d-9575-c650b2e2fde7}</UniqueIdentifier>
    </Filter>
    <Filter Include="Fichiers sources\screen">
      <UniqueIdentifier>{43111e51-42d9-40ca-bc8a-d9c22c0603b6}</UniqueIdentifier>
    </Filter>
    <Filter Include="Fichiers sources\scene\graphic">
      <UniqueIdentifier>{6dcb93f2-356e-483e-8e05-0b4d85bdff52}</UniqueIdentifier>
    </Filter>
  </ItemGroup>
  <ItemGroup>
    <None Include="packages.config" />
    <None Include=".gitignore" />
  </ItemGroup>
  <ItemGroup>
    <ClInclude Include="Vector.hpp">
      <Filter>Fichiers sources\utils</Filter>
    </ClInclude>
    <ClInclude Include="utils.h">
      <Filter>Fichiers sources\utils</Filter>
    </ClInclude>
    <ClInclude Include="DrawableElement.h">
      <Filter>Fichiers sources\scene\graphic</Filter>
    </ClInclude>
    <ClInclude Include="Element.h">
      <Filter>Fichiers sources\scene\graphic</Filter>
    </ClInclude>
    <ClInclude Include="Scene.h">
      <Filter>Fichiers sources\scene</Filter>
    </ClInclude>
    <ClInclude Include="Direction.h">
      <Filter>Fichiers sources\scene\graphic</Filter>
    </ClInclude>
    <ClInclude Include="State.h">
      <Filter>Fichiers sources\scene\graphic</Filter>
    </ClInclude>
    <ClInclude Include="Tile.hpp">
      <Filter>Fichiers sources\screen</Filter>
    </ClInclude>
    <ClInclude Include="Map.hpp">
      <Filter>Fichiers sources\screen</Filter>
    </ClInclude>
    <ClInclude Include="Screen.hpp">
      <Filter>Fichiers sources\screen</Filter>
    </ClInclude>
    <ClInclude Include="Camera.h">
      <Filter>Fichiers sources\screen</Filter>
    </ClInclude>
    <ClInclude Include="Imp.h">
      <Filter>Fichiers sources\scene</Filter>
    </ClInclude>
    <ClInclude Include="Entity.h">
      <Filter>Fichiers sources\scene\physic</Filter>
    </ClInclude>
    <ClInclude Include="MoveableEntity.h">
      <Filter>Fichiers sources\scene\physic</Filter>
    </ClInclude>
    <ClInclude Include="SpriteService.h">
      <Filter>Fichiers sources\utils</Filter>
    </ClInclude>
    <ClInclude Include="Monster.h">
      <Filter>Fichiers sources\scene\physic</Filter>
    </ClInclude>
    <ClInclude Include="Bird.h">
      <Filter>Fichiers sources\scene</Filter>
    </ClInclude>
    <ClInclude Include="World.h">
      <Filter>Fichiers sources\scene\physic</Filter>
    </ClInclude>
  </ItemGroup>
  <ItemGroup>
    <ClCompile Include="Main.cpp">
      <Filter>Fichiers sources</Filter>
    </ClCompile>
    <ClCompile Include="utils.cpp">
      <Filter>Fichiers sources\utils</Filter>
    </ClCompile>
    <ClCompile Include="Scene.cpp">
      <Filter>Fichiers sources\scene</Filter>
    </ClCompile>
    <ClCompile Include="DrawableElement.cpp">
      <Filter>Fichiers sources\scene\graphic</Filter>
    </ClCompile>
    <ClCompile Include="Map.cpp">
      <Filter>Fichiers sources\screen</Filter>
    </ClCompile>
    <ClCompile Include="Screen.cpp">
      <Filter>Fichiers sources\screen</Filter>
    </ClCompile>
    <ClCompile Include="Tile.cpp">
      <Filter>Fichiers sources\screen</Filter>
    </ClCompile>
    <ClCompile Include="Camera.cpp">
      <Filter>Fichiers sources\screen</Filter>
    </ClCompile>
    <ClCompile Include="Imp.cpp">
      <Filter>Fichiers sources\scene</Filter>
    </ClCompile>
    <ClCompile Include="Entity.cpp">
      <Filter>Fichiers sources\scene\physic</Filter>
    </ClCompile>
    <ClCompile Include="MoveableEntity.cpp">
      <Filter>Fichiers sources\scene\physic</Filter>
    </ClCompile>
    <ClCompile Include="SpriteService.cpp">
      <Filter>Fichiers sources\utils</Filter>
    </ClCompile>
    <ClCompile Include="Bird.cpp">
      <Filter>Fichiers sources\scene</Filter>
    </ClCompile>
    <ClCompile Include="World.cpp">
      <Filter>Fichiers sources\scene\physic</Filter>
    </ClCompile>
  </ItemGroup>
  <ItemGroup>
    <Image Include="images\fox.jpg">
      <Filter>Fichiers de ressources</Filter>
    </Image>
    <Image Include="images\tile.png">
      <Filter>Fichiers de ressources</Filter>
    </Image>
    <Image Include="images\imp.bmp">
      <Filter>Fichiers de ressources</Filter>
    </Image>
    <Image Include="images\tile.bmp">
      <Filter>Fichiers de ressources</Filter>
    </Image>
    <Image Include="images\tile2.bmp">
      <Filter>Fichiers de ressources</Filter>
    </Image>
  </ItemGroup>
</Project>