<?xml version="1.0" encoding="utf-8"?>
<Project ToolsVersion="4.0" xmlns="http://schemas.microsoft.com/developer/msbuild/2003">
  <ItemGroup>
    <Filter Include="Fichiers sources">
      <UniqueIdentifier>{4FC737F1-C7A5-4376-A066-2A32D752A2FF}</UniqueIdentifier>
      <Extensions>cpp;c;cc;cxx;def;odl;idl;hpj;bat;asm;asmx</Extensions>
    </Filter>
    <Filter Include="Fichiers d%27en-tête">
      <UniqueIdentifier>{93995380-89BD-4b04-88EB-625FBE52EBFB}</UniqueIdentifier>
      <Extensions>h;hh;hpp;hxx;hm;inl;inc;xsd</Extensions>
    </Filter>
    <Filter Include="Fichiers de ressources">
      <UniqueIdentifier>{67DA6AB6-F800-4c08-8B7A-83BB121AAD01}</UniqueIdentifier>
      <Extensions>rc;ico;cur;bmp;dlg;rc2;rct;bin;rgs;gif;jpg;jpeg;jpe;resx;tiff;tif;png;wav;mfcribbon-ms</Extensions>
    </Filter>
    <Filter Include="Fichiers sources\utils">
      <UniqueIdentifier>{f0e890e5-a638-4647-aaae-f58170278136}</UniqueIdentifier>
    </Filter>
    <Filter Include="Fichiers sources\screen">
      <UniqueIdentifier>{43111e51-42d9-40ca-bc8a-d9c22c0603b6}</UniqueIdentifier>
    </Filter>
    <Filter Include="Fichiers sources\components">
      <UniqueIdentifier>{00999dcd-72c3-497e-8540-c6b8a5578df5}</UniqueIdentifier>
    </Filter>
    <Filter Include="Fichiers sources\components\physics">
      <UniqueIdentifier>{4f6f24a9-9d30-49fe-9d80-62e5c49cfdc8}</UniqueIdentifier>
    </Filter>
    <Filter Include="Fichiers sources\components\graphics">
      <UniqueIdentifier>{3d086f35-e55e-4c07-9ac6-0ef793a90713}</UniqueIdentifier>
    </Filter>
    <Filter Include="Fichiers sources\components\io">
      <UniqueIdentifier>{5e86bbe7-be0c-4b78-8355-0b3681fb5801}</UniqueIdentifier>
    </Filter>
    <Filter Include="Fichiers sources\components\events">
      <UniqueIdentifier>{0761f313-f84c-4331-bf0c-ab5d6a54ee0e}</UniqueIdentifier>
    </Filter>
    <Filter Include="Fichiers sources\components\base">
      <UniqueIdentifier>{8ba1adb5-2061-4f04-8e9b-e69acf8e94cc}</UniqueIdentifier>
    </Filter>
    <Filter Include="Fichiers sources\game">
      <UniqueIdentifier>{971e31d4-afc8-4499-bac2-a2b1ac19e286}</UniqueIdentifier>
    </Filter>
    <Filter Include="Fichiers sources\game\entities">
      <UniqueIdentifier>{73fa0117-f1b6-4a75-8a9e-825815b8e1e3}</UniqueIdentifier>
    </Filter>
    <Filter Include="Fichiers sources\components\ai">
      <UniqueIdentifier>{ffad8f96-2208-4582-b00f-0445a9f5ac89}</UniqueIdentifier>
    </Filter>
    <Filter Include="Fichiers sources\components\time">
      <UniqueIdentifier>{d516a9e2-5942-4a25-a7d9-6a89cd92fa1f}</UniqueIdentifier>
    </Filter>
  </ItemGroup>
  <ItemGroup>
    <None Include="packages.config" />
    <None Include=".gitignore" />
  </ItemGroup>
  <ItemGroup>
    <ClInclude Include="Vector.hpp">
      <Filter>Fichiers sources\utils</Filter>
    </ClInclude>
    <ClInclude Include="utils.h">
      <Filter>Fichiers sources\utils</Filter>
    </ClInclude>
    <ClInclude Include="Tile.hpp">
      <Filter>Fichiers sources\screen</Filter>
    </ClInclude>
    <ClInclude Include="Map.hpp">
      <Filter>Fichiers sources\screen</Filter>
    </ClInclude>
    <ClInclude Include="Screen.hpp">
      <Filter>Fichiers sources\screen</Filter>
    </ClInclude>
    <ClInclude Include="Camera.h">
      <Filter>Fichiers sources\screen</Filter>
    </ClInclude>
    <ClInclude Include="SpriteService.h">
      <Filter>Fichiers sources\utils</Filter>
    </ClInclude>
    <ClInclude Include="GameElement.h">
      <Filter>Fichiers sources\components\base</Filter>
    </ClInclude>
    <ClInclude Include="GraphicalComponent.h">
      <Filter>Fichiers sources\components\graphics</Filter>
    </ClInclude>
    <ClInclude Include="MovementComponent.h">
      <Filter>Fichiers sources\components\physics</Filter>
    </ClInclude>
    <ClInclude Include="DataAccessorComponent.h">
      <Filter>Fichiers sources\components\base</Filter>
    </ClInclude>
    <ClInclude Include="DataModifierComponent.h">
      <Filter>Fichiers sources\components\base</Filter>
    </ClInclude>
    <ClInclude Include="GameComponent.h">
      <Filter>Fichiers sources\components\base</Filter>
    </ClInclude>
    <ClInclude Include="KeyboardEventComponent.h">
      <Filter>Fichiers sources\components\io</Filter>
    </ClInclude>
    <ClInclude Include="EventListenerComponent.h">
      <Filter>Fichiers sources\components\io</Filter>
    </ClInclude>
    <ClInclude Include="GameEvent.h">
      <Filter>Fichiers sources\components\events</Filter>
    </ClInclude>
    <ClInclude Include="World.h">
      <Filter>Fichiers sources\game</Filter>
    </ClInclude>
    <ClInclude Include="EntityFactory.h">
      <Filter>Fichiers sources\game\entities</Filter>
    </ClInclude>
    <ClInclude Include="GameEntity.h">
      <Filter>Fichiers sources\game\entities</Filter>
    </ClInclude>
    <ClInclude Include="AutonomousBehaviorComponent.h">
      <Filter>Fichiers sources\components\ai</Filter>
    </ClInclude>
    <ClInclude Include="ChronoService.h">
      <Filter>Fichiers sources\utils</Filter>
    </ClInclude>
    <ClInclude Include="TimeComponent.h">
      <Filter>Fichiers sources\components\time</Filter>
    </ClInclude>
  </ItemGroup>
  <ItemGroup>
    <ClCompile Include="Main.cpp">
      <Filter>Fichiers sources</Filter>
    </ClCompile>
    <ClCompile Include="utils.cpp">
      <Filter>Fichiers sources\utils</Filter>
    </ClCompile>
    <ClCompile Include="Map.cpp">
      <Filter>Fichiers sources\screen</Filter>
    </ClCompile>
    <ClCompile Include="Screen.cpp">
      <Filter>Fichiers sources\screen</Filter>
    </ClCompile>
    <ClCompile Include="Tile.cpp">
      <Filter>Fichiers sources\screen</Filter>
    </ClCompile>
    <ClCompile Include="Camera.cpp">
      <Filter>Fichiers sources\screen</Filter>
    </ClCompile>
    <ClCompile Include="SpriteService.cpp">
      <Filter>Fichiers sources\utils</Filter>
    </ClCompile>
    <ClCompile Include="GameElement.cpp">
      <Filter>Fichiers sources\components\base</Filter>
    </ClCompile>
    <ClCompile Include="GraphicalComponent.cpp">
      <Filter>Fichiers sources\components\graphics</Filter>
    </ClCompile>
    <ClCompile Include="MovementComponent.cpp">
      <Filter>Fichiers sources\components\physics</Filter>
    </ClCompile>
    <ClCompile Include="DataModifierComponent.cpp">
      <Filter>Fichiers sources\components\base</Filter>
    </ClCompile>
    <ClCompile Include="GameComponent.cpp">
      <Filter>Fichiers sources\components\base</Filter>
    </ClCompile>
    <ClCompile Include="KeyboardEventComponent.cpp">
      <Filter>Fichiers sources\components\io</Filter>
    </ClCompile>
    <ClCompile Include="World.cpp">
      <Filter>Fichiers sources\game</Filter>
    </ClCompile>
    <ClCompile Include="EntityFactory.cpp">
      <Filter>Fichiers sources\game\entities</Filter>
    </ClCompile>
    <ClCompile Include="GameEntity.cpp">
      <Filter>Fichiers sources\game\entities</Filter>
    </ClCompile>
    <ClCompile Include="AutonomousBehaviorComponent.cpp">
      <Filter>Fichiers sources\components\ai</Filter>
    </ClCompile>
    <ClCompile Include="TimeComponent.cpp">
      <Filter>Fichiers sources\components\time</Filter>
    </ClCompile>
  </ItemGroup>
  <ItemGroup>
    <Image Include="images\fox.jpg">
      <Filter>Fichiers de ressources</Filter>
    </Image>
    <Image Include="images\tile.png">
      <Filter>Fichiers de ressources</Filter>
    </Image>
    <Image Include="images\imp.bmp">
      <Filter>Fichiers de ressources</Filter>
    </Image>
    <Image Include="images\tile.bmp">
      <Filter>Fichiers de ressources</Filter>
    </Image>
    <Image Include="images\tile2.bmp">
      <Filter>Fichiers de ressources</Filter>
    </Image>
  </ItemGroup>
</Project>